
Microsoft Visual Studio Solution File, Format Version 12.00
# Visual Studio Version 17
VisualStudioVersion = 17.9.34723.18
MinimumVisualStudioVersion = 10.0.40219.1
Project("{FAE04EC0-301F-11D3-BF4B-00C04F79EFBC}") = "PMQuanLyCafe", "PMQuanLyCafe\PMQuanLyCafe.csproj", "{404491ED-F078-4C5B-8D65-EA5FCF87E52E}"
EndProject
Global
	GlobalSection(SolutionConfigurationPlatforms) = preSolution
		Debug|Any CPU = Debug|Any CPU
		Release|Any CPU = Release|Any CPU
	EndGlobalSection
	GlobalSection(ProjectConfigurationPlatforms) = postSolution
		{404491ED-F078-4C5B-8D65-EA5FCF87E52E}.Debug|Any CPU.ActiveCfg = Debug|Any CPU
		{404491ED-F078-4C5B-8D65-EA5FCF87E52E}.Debug|Any CPU.Build.0 = Debug|Any CPU
		{404491ED-F078-4C5B-8D65-EA5FCF87E52E}.Release|Any CPU.ActiveCfg = Release|Any CPU
		{404491ED-F078-4C5B-8D65-EA5FCF87E52E}.Release|Any CPU.Build.0 = Release|Any CPU
	EndGlobalSection
	GlobalSection(SolutionProperties) = preSolution
		HideSolutionNode = FALSE
	EndGlobalSection
	GlobalSection(ExtensibilityGlobals) = postSolution
		SolutionGuid = {2F488251-7CE9-4E07-834E-B4497ED028E6}
	EndGlobalSection
EndGlobal
